
Microsoft Visual Studio Solution File, Format Version 12.00
# Visual Studio Express 2012 for Windows Phone
Project("{FAE04EC0-301F-11D3-BF4B-00C04F79EFBC}") = "GarageControl", "GarageControl\GarageControl.csproj", "{FE2EBD9F-3247-4A30-8659-CC1483FE111D}"
EndProject
Global
	GlobalSection(SolutionConfigurationPlatforms) = preSolution
		Debug|Any CPU = Debug|Any CPU
		Release|Any CPU = Release|Any CPU
	EndGlobalSection
	GlobalSection(ProjectConfigurationPlatforms) = postSolution
		{FE2EBD9F-3247-4A30-8659-CC1483FE111D}.Debug|Any CPU.ActiveCfg = Debug|Any CPU
		{FE2EBD9F-3247-4A30-8659-CC1483FE111D}.Debug|Any CPU.Build.0 = Debug|Any CPU
		{FE2EBD9F-3247-4A30-8659-CC1483FE111D}.Debug|Any CPU.Deploy.0 = Debug|Any CPU
		{FE2EBD9F-3247-4A30-8659-CC1483FE111D}.Release|Any CPU.ActiveCfg = Release|Any CPU
		{FE2EBD9F-3247-4A30-8659-CC1483FE111D}.Release|Any CPU.Build.0 = Release|Any CPU
		{FE2EBD9F-3247-4A30-8659-CC1483FE111D}.Release|Any CPU.Deploy.0 = Release|Any CPU
	EndGlobalSection
	GlobalSection(SolutionProperties) = preSolution
		HideSolutionNode = FALSE
	EndGlobalSection
EndGlobal
